
Microsoft Visual Studio Solution File, Format Version 12.00
# Visual Studio Version 16
VisualStudioVersion = 16.0.30523.141
MinimumVisualStudioVersion = 10.0.40219.1
Project("{9A19103F-16F7-4668-BE54-9A1E7A4F7556}") = "SpecBecause", "SpecBecause\SpecBecause.csproj", "{92B85D96-0F25-4075-9203-A124130366BD}"
EndProject
Project("{9A19103F-16F7-4668-BE54-9A1E7A4F7556}") = "SpecBecause.Tests", "SpecBecause.Tests\SpecBecause.Tests.csproj", "{C64808B2-C796-4453-8059-F7C5F7B24FF3}"
EndProject
Project("{9A19103F-16F7-4668-BE54-9A1E7A4F7556}") = "SpecBecause.XUnit.Tests", "SpecBecause.XUnit.Tests\SpecBecause.XUnit.Tests.csproj", "{83BAD943-D7A7-44B9-9C8D-B51DB67AAECE}"
EndProject
Project("{FAE04EC0-301F-11D3-BF4B-00C04F79EFBC}") = "SpecBecause.XUnit", "SpecBecause.XUnit\SpecBecause.XUnit.csproj", "{8D02F57D-E2F2-45B1-9933-EAFD5A9AF23C}"
EndProject
Project("{FAE04EC0-301F-11D3-BF4B-00C04F79EFBC}") = "SpecBecause.NUnit", "SpecBecause.NUnit\SpecBecause.NUnit.csproj", "{09DB0120-B5B3-4B73-8915-9FA4D3B2C43E}"
EndProject
Project("{FAE04EC0-301F-11D3-BF4B-00C04F79EFBC}") = "SpecBecause.NUnit.Tests", "SpecBecause.NUnit.Tests\SpecBecause.NUnit.Tests.csproj", "{73626CD9-B920-451D-B6EC-D2E680AD235C}"
EndProject
Project("{FAE04EC0-301F-11D3-BF4B-00C04F79EFBC}") = "SpecBecause.MSTest.Tests", "SpecBecause.MSTest.Tests\SpecBecause.MSTest.Tests.csproj", "{91AF95AD-0157-4228-895D-55A2A1B2A50F}"
EndProject
Project("{FAE04EC0-301F-11D3-BF4B-00C04F79EFBC}") = "SpecBecause.MSTest", "SpecBecause.MSTest\SpecBecause.MSTest.csproj", "{61A6FCE8-AED5-42D1-84E2-FDF5F515A067}"
EndProject
Global
	GlobalSection(SolutionConfigurationPlatforms) = preSolution
		Debug|Any CPU = Debug|Any CPU
		Release|Any CPU = Release|Any CPU
	EndGlobalSection
	GlobalSection(ProjectConfigurationPlatforms) = postSolution
		{92B85D96-0F25-4075-9203-A124130366BD}.Debug|Any CPU.ActiveCfg = Debug|Any CPU
		{92B85D96-0F25-4075-9203-A124130366BD}.Debug|Any CPU.Build.0 = Debug|Any CPU
		{92B85D96-0F25-4075-9203-A124130366BD}.Release|Any CPU.ActiveCfg = Release|Any CPU
		{92B85D96-0F25-4075-9203-A124130366BD}.Release|Any CPU.Build.0 = Release|Any CPU
		{C64808B2-C796-4453-8059-F7C5F7B24FF3}.Debug|Any CPU.ActiveCfg = Debug|Any CPU
		{C64808B2-C796-4453-8059-F7C5F7B24FF3}.Debug|Any CPU.Build.0 = Debug|Any CPU
		{C64808B2-C796-4453-8059-F7C5F7B24FF3}.Release|Any CPU.ActiveCfg = Release|Any CPU
		{C64808B2-C796-4453-8059-F7C5F7B24FF3}.Release|Any CPU.Build.0 = Release|Any CPU
		{83BAD943-D7A7-44B9-9C8D-B51DB67AAECE}.Debug|Any CPU.ActiveCfg = Debug|Any CPU
		{83BAD943-D7A7-44B9-9C8D-B51DB67AAECE}.Debug|Any CPU.Build.0 = Debug|Any CPU
		{83BAD943-D7A7-44B9-9C8D-B51DB67AAECE}.Release|Any CPU.ActiveCfg = Release|Any CPU
		{83BAD943-D7A7-44B9-9C8D-B51DB67AAECE}.Release|Any CPU.Build.0 = Release|Any CPU
		{8D02F57D-E2F2-45B1-9933-EAFD5A9AF23C}.Debug|Any CPU.ActiveCfg = Debug|Any CPU
		{8D02F57D-E2F2-45B1-9933-EAFD5A9AF23C}.Debug|Any CPU.Build.0 = Debug|Any CPU
		{8D02F57D-E2F2-45B1-9933-EAFD5A9AF23C}.Release|Any CPU.ActiveCfg = Release|Any CPU
		{8D02F57D-E2F2-45B1-9933-EAFD5A9AF23C}.Release|Any CPU.Build.0 = Release|Any CPU
		{09DB0120-B5B3-4B73-8915-9FA4D3B2C43E}.Debug|Any CPU.ActiveCfg = Debug|Any CPU
		{09DB0120-B5B3-4B73-8915-9FA4D3B2C43E}.Debug|Any CPU.Build.0 = Debug|Any CPU
		{09DB0120-B5B3-4B73-8915-9FA4D3B2C43E}.Release|Any CPU.ActiveCfg = Release|Any CPU
		{09DB0120-B5B3-4B73-8915-9FA4D3B2C43E}.Release|Any CPU.Build.0 = Release|Any CPU
		{73626CD9-B920-451D-B6EC-D2E680AD235C}.Debug|Any CPU.ActiveCfg = Debug|Any CPU
		{73626CD9-B920-451D-B6EC-D2E680AD235C}.Debug|Any CPU.Build.0 = Debug|Any CPU
		{73626CD9-B920-451D-B6EC-D2E680AD235C}.Release|Any CPU.ActiveCfg = Release|Any CPU
		{73626CD9-B920-451D-B6EC-D2E680AD235C}.Release|Any CPU.Build.0 = Release|Any CPU
		{91AF95AD-0157-4228-895D-55A2A1B2A50F}.Debug|Any CPU.ActiveCfg = Debug|Any CPU
		{91AF95AD-0157-4228-895D-55A2A1B2A50F}.Debug|Any CPU.Build.0 = Debug|Any CPU
		{91AF95AD-0157-4228-895D-55A2A1B2A50F}.Release|Any CPU.ActiveCfg = Release|Any CPU
		{91AF95AD-0157-4228-895D-55A2A1B2A50F}.Release|Any CPU.Build.0 = Release|Any CPU
		{61A6FCE8-AED5-42D1-84E2-FDF5F515A067}.Debug|Any CPU.ActiveCfg = Debug|Any CPU
		{61A6FCE8-AED5-42D1-84E2-FDF5F515A067}.Debug|Any CPU.Build.0 = Debug|Any CPU
		{61A6FCE8-AED5-42D1-84E2-FDF5F515A067}.Release|Any CPU.ActiveCfg = Release|Any CPU
		{61A6FCE8-AED5-42D1-84E2-FDF5F515A067}.Release|Any CPU.Build.0 = Release|Any CPU
	EndGlobalSection
	GlobalSection(SolutionProperties) = preSolution
		HideSolutionNode = FALSE
	EndGlobalSection
	GlobalSection(ExtensibilityGlobals) = postSolution
		SolutionGuid = {EF65E5BE-A4C8-4C76-8CC5-2C44D6D65351}
	EndGlobalSection
EndGlobal
